
Microsoft Visual Studio Solution File, Format Version 12.00
# Visual Studio Version 17
VisualStudioVersion = 17.9.34728.123
MinimumVisualStudioVersion = 10.0.40219.1
Project("{FAE04EC0-301F-11D3-BF4B-00C04F79EFBC}") = "GADE6122DavidTristanPOE", "GADE6122DavidTristanPOE\GADE6122DavidTristanPOE.csproj", "{FFC81092-6DBB-4EF2-BE58-3D58A0C2F4DF}"
EndProject
Global
	GlobalSection(SolutionConfigurationPlatforms) = preSolution
		Debug|Any CPU = Debug|Any CPU
		Release|Any CPU = Release|Any CPU
	EndGlobalSection
	GlobalSection(ProjectConfigurationPlatforms) = postSolution
		{FFC81092-6DBB-4EF2-BE58-3D58A0C2F4DF}.Debug|Any CPU.ActiveCfg = Debug|Any CPU
		{FFC81092-6DBB-4EF2-BE58-3D58A0C2F4DF}.Debug|Any CPU.Build.0 = Debug|Any CPU
		{FFC81092-6DBB-4EF2-BE58-3D58A0C2F4DF}.Release|Any CPU.ActiveCfg = Release|Any CPU
		{FFC81092-6DBB-4EF2-BE58-3D58A0C2F4DF}.Release|Any CPU.Build.0 = Release|Any CPU
	EndGlobalSection
	GlobalSection(SolutionProperties) = preSolution
		HideSolutionNode = FALSE
	EndGlobalSection
	GlobalSection(ExtensibilityGlobals) = postSolution
		SolutionGuid = {F2BCDA8D-2B4A-4CB4-8972-8E304D4E8F41}
	EndGlobalSection
EndGlobal
